// !$*UTF8*$!
{
	archiveVersion = 1;
	classes = {
	};
	objectVersion = 46;
	objects = {

/* Begin PBXBuildFile section */
		306967181DBA1A7200882C86 /* main.m in Sources */ = {isa = PBXBuildFile; fileRef = 306967171DBA1A7200882C86 /* main.m */; };
		3069671B1DBA1A7200882C86 /* AppDelegate.m in Sources */ = {isa = PBXBuildFile; fileRef = 3069671A1DBA1A7200882C86 /* AppDelegate.m */; };
		3069671E1DBA1A7200882C86 /* ViewController.m in Sources */ = {isa = PBXBuildFile; fileRef = 3069671D1DBA1A7200882C86 /* ViewController.m */; };
		306967211DBA1A7200882C86 /* Main.storyboard in Resources */ = {isa = PBXBuildFile; fileRef = 3069671F1DBA1A7200882C86 /* Main.storyboard */; };
		306967231DBA1A7200882C86 /* Assets.xcassets in Resources */ = {isa = PBXBuildFile; fileRef = 306967221DBA1A7200882C86 /* Assets.xcassets */; };
		306967261DBA1A7200882C86 /* LaunchScreen.storyboard in Resources */ = {isa = PBXBuildFile; fileRef = 306967241DBA1A7200882C86 /* LaunchScreen.storyboard */; };
		3069672F1DBA462900882C86 /* ZJWaterflowLayout.m in Sources */ = {isa = PBXBuildFile; fileRef = 3069672E1DBA462900882C86 /* ZJWaterflowLayout.m */; };
		30DF19111DC343C5009D7C53 /* MJArgument.m in Sources */ = {isa = PBXBuildFile; fileRef = 30DF18AA1DC343C5009D7C53 /* MJArgument.m */; };
		30DF19121DC343C5009D7C53 /* MJConst.m in Sources */ = {isa = PBXBuildFile; fileRef = 30DF18AC1DC343C5009D7C53 /* MJConst.m */; };
		30DF19131DC343C5009D7C53 /* MJFoundation.m in Sources */ = {isa = PBXBuildFile; fileRef = 30DF18AF1DC343C5009D7C53 /* MJFoundation.m */; };
		30DF19141DC343C5009D7C53 /* MJIvar.m in Sources */ = {isa = PBXBuildFile; fileRef = 30DF18B11DC343C5009D7C53 /* MJIvar.m */; };
		30DF19151DC343C5009D7C53 /* MJMember.m in Sources */ = {isa = PBXBuildFile; fileRef = 30DF18B31DC343C5009D7C53 /* MJMember.m */; };
		30DF19161DC343C5009D7C53 /* MJMethod.m in Sources */ = {isa = PBXBuildFile; fileRef = 30DF18B51DC343C5009D7C53 /* MJMethod.m */; };
		30DF19171DC343C5009D7C53 /* MJType.m in Sources */ = {isa = PBXBuildFile; fileRef = 30DF18B71DC343C5009D7C53 /* MJType.m */; };
		30DF19181DC343C5009D7C53 /* MJTypeEncoding.m in Sources */ = {isa = PBXBuildFile; fileRef = 30DF18B91DC343C5009D7C53 /* MJTypeEncoding.m */; };
		30DF19191DC343C5009D7C53 /* NSObject+MJCoding.m in Sources */ = {isa = PBXBuildFile; fileRef = 30DF18BB1DC343C5009D7C53 /* NSObject+MJCoding.m */; };
		30DF191A1DC343C5009D7C53 /* NSObject+MJKeyValue.m in Sources */ = {isa = PBXBuildFile; fileRef = 30DF18BD1DC343C5009D7C53 /* NSObject+MJKeyValue.m */; };
		30DF191B1DC343C5009D7C53 /* NSObject+MJMember.m in Sources */ = {isa = PBXBuildFile; fileRef = 30DF18BF1DC343C5009D7C53 /* NSObject+MJMember.m */; };
		30DF191C1DC343C5009D7C53 /* MJRefreshAutoFooter.m in Sources */ = {isa = PBXBuildFile; fileRef = 30DF18C21DC343C5009D7C53 /* MJRefreshAutoFooter.m */; };
		30DF191D1DC343C5009D7C53 /* MJRefreshBackFooter.m in Sources */ = {isa = PBXBuildFile; fileRef = 30DF18C41DC343C5009D7C53 /* MJRefreshBackFooter.m */; };
		30DF191E1DC343C5009D7C53 /* MJRefreshComponent.m in Sources */ = {isa = PBXBuildFile; fileRef = 30DF18C61DC343C5009D7C53 /* MJRefreshComponent.m */; };
		30DF191F1DC343C5009D7C53 /* MJRefreshFooter.m in Sources */ = {isa = PBXBuildFile; fileRef = 30DF18C81DC343C5009D7C53 /* MJRefreshFooter.m */; };
		30DF19201DC343C5009D7C53 /* MJRefreshHeader.m in Sources */ = {isa = PBXBuildFile; fileRef = 30DF18CA1DC343C5009D7C53 /* MJRefreshHeader.m */; };
		30DF19211DC343C5009D7C53 /* MJRefreshAutoGifFooter.m in Sources */ = {isa = PBXBuildFile; fileRef = 30DF18CD1DC343C5009D7C53 /* MJRefreshAutoGifFooter.m */; };
		30DF19221DC343C5009D7C53 /* MJRefreshAutoNormalFooter.m in Sources */ = {isa = PBXBuildFile; fileRef = 30DF18CF1DC343C5009D7C53 /* MJRefreshAutoNormalFooter.m */; };
		30DF19231DC343C5009D7C53 /* MJRefreshAutoStateFooter.m in Sources */ = {isa = PBXBuildFile; fileRef = 30DF18D11DC343C5009D7C53 /* MJRefreshAutoStateFooter.m */; };
		30DF19241DC343C5009D7C53 /* MJRefreshBackGifFooter.m in Sources */ = {isa = PBXBuildFile; fileRef = 30DF18D41DC343C5009D7C53 /* MJRefreshBackGifFooter.m */; };
		30DF19251DC343C5009D7C53 /* MJRefreshBackNormalFooter.m in Sources */ = {isa = PBXBuildFile; fileRef = 30DF18D61DC343C5009D7C53 /* MJRefreshBackNormalFooter.m */; };
		30DF19261DC343C5009D7C53 /* MJRefreshBackStateFooter.m in Sources */ = {isa = PBXBuildFile; fileRef = 30DF18D81DC343C5009D7C53 /* MJRefreshBackStateFooter.m */; };
		30DF19271DC343C5009D7C53 /* MJRefreshGifHeader.m in Sources */ = {isa = PBXBuildFile; fileRef = 30DF18DC1DC343C5009D7C53 /* MJRefreshGifHeader.m */; };
		30DF19281DC343C5009D7C53 /* MJRefreshNormalHeader.m in Sources */ = {isa = PBXBuildFile; fileRef = 30DF18DE1DC343C5009D7C53 /* MJRefreshNormalHeader.m */; };
		30DF19291DC343C5009D7C53 /* MJRefreshStateHeader.m in Sources */ = {isa = PBXBuildFile; fileRef = 30DF18E01DC343C5009D7C53 /* MJRefreshStateHeader.m */; };
		30DF192A1DC343C5009D7C53 /* MJRefresh.bundle in Resources */ = {isa = PBXBuildFile; fileRef = 30DF18E31DC343C5009D7C53 /* MJRefresh.bundle */; };
		30DF192B1DC343C5009D7C53 /* MJRefreshConst.m in Sources */ = {isa = PBXBuildFile; fileRef = 30DF18E61DC343C5009D7C53 /* MJRefreshConst.m */; };
		30DF192C1DC343C5009D7C53 /* UIScrollView+MJExtension.m in Sources */ = {isa = PBXBuildFile; fileRef = 30DF18E81DC343C5009D7C53 /* UIScrollView+MJExtension.m */; };
		30DF192D1DC343C5009D7C53 /* UIScrollView+MJRefresh.m in Sources */ = {isa = PBXBuildFile; fileRef = 30DF18EA1DC343C5009D7C53 /* UIScrollView+MJRefresh.m */; };
		30DF192E1DC343C5009D7C53 /* UIView+MJExtension.m in Sources */ = {isa = PBXBuildFile; fileRef = 30DF18EC1DC343C5009D7C53 /* UIView+MJExtension.m */; };
		30DF192F1DC343C5009D7C53 /* MKAnnotationView+WebCache.m in Sources */ = {isa = PBXBuildFile; fileRef = 30DF18EF1DC343C5009D7C53 /* MKAnnotationView+WebCache.m */; };
		30DF19301DC343C5009D7C53 /* NSData+ImageContentType.m in Sources */ = {isa = PBXBuildFile; fileRef = 30DF18F11DC343C5009D7C53 /* NSData+ImageContentType.m */; };
		30DF19311DC343C5009D7C53 /* SDImageCache.m in Sources */ = {isa = PBXBuildFile; fileRef = 30DF18F31DC343C5009D7C53 /* SDImageCache.m */; };
		30DF19321DC343C5009D7C53 /* SDWebImageCompat.m in Sources */ = {isa = PBXBuildFile; fileRef = 30DF18F51DC343C5009D7C53 /* SDWebImageCompat.m */; };
		30DF19331DC343C6009D7C53 /* SDWebImageDecoder.m in Sources */ = {isa = PBXBuildFile; fileRef = 30DF18F71DC343C5009D7C53 /* SDWebImageDecoder.m */; };
		30DF19341DC343C6009D7C53 /* SDWebImageDownloader.m in Sources */ = {isa = PBXBuildFile; fileRef = 30DF18F91DC343C5009D7C53 /* SDWebImageDownloader.m */; };
		30DF19351DC343C6009D7C53 /* SDWebImageDownloaderOperation.m in Sources */ = {isa = PBXBuildFile; fileRef = 30DF18FB1DC343C5009D7C53 /* SDWebImageDownloaderOperation.m */; };
		30DF19361DC343C6009D7C53 /* SDWebImageManager.m in Sources */ = {isa = PBXBuildFile; fileRef = 30DF18FD1DC343C5009D7C53 /* SDWebImageManager.m */; };
		30DF19371DC343C6009D7C53 /* SDWebImagePrefetcher.m in Sources */ = {isa = PBXBuildFile; fileRef = 30DF19001DC343C5009D7C53 /* SDWebImagePrefetcher.m */; };
		30DF19381DC343C6009D7C53 /* UIButton+WebCache.m in Sources */ = {isa = PBXBuildFile; fileRef = 30DF19021DC343C5009D7C53 /* UIButton+WebCache.m */; };
		30DF19391DC343C6009D7C53 /* UIImage+GIF.m in Sources */ = {isa = PBXBuildFile; fileRef = 30DF19041DC343C5009D7C53 /* UIImage+GIF.m */; };
		30DF193A1DC343C6009D7C53 /* UIImage+MultiFormat.m in Sources */ = {isa = PBXBuildFile; fileRef = 30DF19061DC343C5009D7C53 /* UIImage+MultiFormat.m */; };
		30DF193B1DC343C6009D7C53 /* UIImage+WebP.m in Sources */ = {isa = PBXBuildFile; fileRef = 30DF19081DC343C5009D7C53 /* UIImage+WebP.m */; };
		30DF193C1DC343C6009D7C53 /* UIImageView+HighlightedWebCache.m in Sources */ = {isa = PBXBuildFile; fileRef = 30DF190A1DC343C5009D7C53 /* UIImageView+HighlightedWebCache.m */; };
		30DF193D1DC343C6009D7C53 /* UIImageView+WebCache.m in Sources */ = {isa = PBXBuildFile; fileRef = 30DF190C1DC343C5009D7C53 /* UIImageView+WebCache.m */; };
		30DF193E1DC343C6009D7C53 /* UIView+WebCacheOperation.m in Sources */ = {isa = PBXBuildFile; fileRef = 30DF190E1DC343C5009D7C53 /* UIView+WebCacheOperation.m */; };
		30DF19411DC343E4009D7C53 /* Shop.m in Sources */ = {isa = PBXBuildFile; fileRef = 30DF19401DC343E4009D7C53 /* Shop.m */; };
		30DF19451DC34451009D7C53 /* ZJShopCollectionViewCell.m in Sources */ = {isa = PBXBuildFile; fileRef = 30DF19431DC34451009D7C53 /* ZJShopCollectionViewCell.m */; };
		30DF19461DC34451009D7C53 /* ZJShopCollectionViewCell.xib in Resources */ = {isa = PBXBuildFile; fileRef = 30DF19441DC34451009D7C53 /* ZJShopCollectionViewCell.xib */; };
		30DF19481DC344FA009D7C53 /* 1.plist in Resources */ = {isa = PBXBuildFile; fileRef = 30DF19471DC344FA009D7C53 /* 1.plist */; };
/* End PBXBuildFile section */

/* Begin PBXFileReference section */
		306967131DBA1A7100882C86 /* 瀑布流的实现.app */ = {isa = PBXFileReference; explicitFileType = wrapper.application; includeInIndex = 0; path = "瀑布流的实现.app"; sourceTree = BUILT_PRODUCTS_DIR; };
		306967171DBA1A7200882C86 /* main.m */ = {isa = PBXFileReference; lastKnownFileType = sourcecode.c.objc; path = main.m; sourceTree = "<group>"; };
		306967191DBA1A7200882C86 /* AppDelegate.h */ = {isa = PBXFileReference; lastKnownFileType = sourcecode.c.h; path = AppDelegate.h; sourceTree = "<group>"; };
		3069671A1DBA1A7200882C86 /* AppDelegate.m */ = {isa = PBXFileReference; lastKnownFileType = sourcecode.c.objc; path = AppDelegate.m; sourceTree = "<group>"; };
		3069671C1DBA1A7200882C86 /* ViewController.h */ = {isa = PBXFileReference; lastKnownFileType = sourcecode.c.h; path = ViewController.h; sourceTree = "<group>"; };
		3069671D1DBA1A7200882C86 /* ViewController.m */ = {isa = PBXFileReference; lastKnownFileType = sourcecode.c.objc; path = ViewController.m; sourceTree = "<group>"; };
		306967201DBA1A7200882C86 /* Base */ = {isa = PBXFileReference; lastKnownFileType = file.storyboard; name = Base; path = Base.lproj/Main.storyboard; sourceTree = "<group>"; };
		306967221DBA1A7200882C86 /* Assets.xcassets */ = {isa = PBXFileReference; lastKnownFileType = folder.assetcatalog; path = Assets.xcassets; sourceTree = "<group>"; };
		306967251DBA1A7200882C86 /* Base */ = {isa = PBXFileReference; lastKnownFileType = file.storyboard; name = Base; path = Base.lproj/LaunchScreen.storyboard; sourceTree = "<group>"; };
		306967271DBA1A7200882C86 /* Info.plist */ = {isa = PBXFileReference; lastKnownFileType = text.plist.xml; path = Info.plist; sourceTree = "<group>"; };
		3069672D1DBA462900882C86 /* ZJWaterflowLayout.h */ = {isa = PBXFileReference; fileEncoding = 4; lastKnownFileType = sourcecode.c.h; path = ZJWaterflowLayout.h; sourceTree = "<group>"; };
		3069672E1DBA462900882C86 /* ZJWaterflowLayout.m */ = {isa = PBXFileReference; fileEncoding = 4; lastKnownFileType = sourcecode.c.objc; path = ZJWaterflowLayout.m; sourceTree = "<group>"; };
		30DF18A91DC343C5009D7C53 /* MJArgument.h */ = {isa = PBXFileReference; fileEncoding = 4; lastKnownFileType = sourcecode.c.h; path = MJArgument.h; sourceTree = "<group>"; };
		30DF18AA1DC343C5009D7C53 /* MJArgument.m */ = {isa = PBXFileReference; fileEncoding = 4; lastKnownFileType = sourcecode.c.objc; path = MJArgument.m; sourceTree = "<group>"; };
		30DF18AB1DC343C5009D7C53 /* MJConst.h */ = {isa = PBXFileReference; fileEncoding = 4; lastKnownFileType = sourcecode.c.h; path = MJConst.h; sourceTree = "<group>"; };
		30DF18AC1DC343C5009D7C53 /* MJConst.m */ = {isa = PBXFileReference; fileEncoding = 4; lastKnownFileType = sourcecode.c.objc; path = MJConst.m; sourceTree = "<group>"; };
		30DF18AD1DC343C5009D7C53 /* MJExtension.h */ = {isa = PBXFileReference; fileEncoding = 4; lastKnownFileType = sourcecode.c.h; path = MJExtension.h; sourceTree = "<group>"; };
		30DF18AE1DC343C5009D7C53 /* MJFoundation.h */ = {isa = PBXFileReference; fileEncoding = 4; lastKnownFileType = sourcecode.c.h; path = MJFoundation.h; sourceTree = "<group>"; };
		30DF18AF1DC343C5009D7C53 /* MJFoundation.m */ = {isa = PBXFileReference; fileEncoding = 4; lastKnownFileType = sourcecode.c.objc; path = MJFoundation.m; sourceTree = "<group>"; };
		30DF18B01DC343C5009D7C53 /* MJIvar.h */ = {isa = PBXFileReference; fileEncoding = 4; lastKnownFileType = sourcecode.c.h; path = MJIvar.h; sourceTree = "<group>"; };
		30DF18B11DC343C5009D7C53 /* MJIvar.m */ = {isa = PBXFileReference; fileEncoding = 4; lastKnownFileType = sourcecode.c.objc; path = MJIvar.m; sourceTree = "<group>"; };
		30DF18B21DC343C5009D7C53 /* MJMember.h */ = {isa = PBXFileReference; fileEncoding = 4; lastKnownFileType = sourcecode.c.h; path = MJMember.h; sourceTree = "<group>"; };
		30DF18B31DC343C5009D7C53 /* MJMember.m */ = {isa = PBXFileReference; fileEncoding = 4; lastKnownFileType = sourcecode.c.objc; path = MJMember.m; sourceTree = "<group>"; };
		30DF18B41DC343C5009D7C53 /* MJMethod.h */ = {isa = PBXFileReference; fileEncoding = 4; lastKnownFileType = sourcecode.c.h; path = MJMethod.h; sourceTree = "<group>"; };
		30DF18B51DC343C5009D7C53 /* MJMethod.m */ = {isa = PBXFileReference; fileEncoding = 4; lastKnownFileType = sourcecode.c.objc; path = MJMethod.m; sourceTree = "<group>"; };
		30DF18B61DC343C5009D7C53 /* MJType.h */ = {isa = PBXFileReference; fileEncoding = 4; lastKnownFileType = sourcecode.c.h; path = MJType.h; sourceTree = "<group>"; };
		30DF18B71DC343C5009D7C53 /* MJType.m */ = {isa = PBXFileReference; fileEncoding = 4; lastKnownFileType = sourcecode.c.objc; path = MJType.m; sourceTree = "<group>"; };
		30DF18B81DC343C5009D7C53 /* MJTypeEncoding.h */ = {isa = PBXFileReference; fileEncoding = 4; lastKnownFileType = sourcecode.c.h; path = MJTypeEncoding.h; sourceTree = "<group>"; };
		30DF18B91DC343C5009D7C53 /* MJTypeEncoding.m */ = {isa = PBXFileReference; fileEncoding = 4; lastKnownFileType = sourcecode.c.objc; path = MJTypeEncoding.m; sourceTree = "<group>"; };
		30DF18BA1DC343C5009D7C53 /* NSObject+MJCoding.h */ = {isa = PBXFileReference; fileEncoding = 4; lastKnownFileType = sourcecode.c.h; path = "NSObject+MJCoding.h"; sourceTree = "<group>"; };
		30DF18BB1DC343C5009D7C53 /* NSObject+MJCoding.m */ = {isa = PBXFileReference; fileEncoding = 4; lastKnownFileType = sourcecode.c.objc; path = "NSObject+MJCoding.m"; sourceTree = "<group>"; };
		30DF18BC1DC343C5009D7C53 /* NSObject+MJKeyValue.h */ = {isa = PBXFileReference; fileEncoding = 4; lastKnownFileType = sourcecode.c.h; path = "NSObject+MJKeyValue.h"; sourceTree = "<group>"; };
		30DF18BD1DC343C5009D7C53 /* NSObject+MJKeyValue.m */ = {isa = PBXFileReference; fileEncoding = 4; lastKnownFileType = sourcecode.c.objc; path = "NSObject+MJKeyValue.m"; sourceTree = "<group>"; };
		30DF18BE1DC343C5009D7C53 /* NSObject+MJMember.h */ = {isa = PBXFileReference; fileEncoding = 4; lastKnownFileType = sourcecode.c.h; path = "NSObject+MJMember.h"; sourceTree = "<group>"; };
		30DF18BF1DC343C5009D7C53 /* NSObject+MJMember.m */ = {isa = PBXFileReference; fileEncoding = 4; lastKnownFileType = sourcecode.c.objc; path = "NSObject+MJMember.m"; sourceTree = "<group>"; };
		30DF18C11DC343C5009D7C53 /* MJRefreshAutoFooter.h */ = {isa = PBXFileReference; fileEncoding = 4; lastKnownFileType = sourcecode.c.h; path = MJRefreshAutoFooter.h; sourceTree = "<group>"; };
		30DF18C21DC343C5009D7C53 /* MJRefreshAutoFooter.m */ = {isa = PBXFileReference; fileEncoding = 4; lastKnownFileType = sourcecode.c.objc; path = MJRefreshAutoFooter.m; sourceTree = "<group>"; };
		30DF18C31DC343C5009D7C53 /* MJRefreshBackFooter.h */ = {isa = PBXFileReference; fileEncoding = 4; lastKnownFileType = sourcecode.c.h; path = MJRefreshBackFooter.h; sourceTree = "<group>"; };
		30DF18C41DC343C5009D7C53 /* MJRefreshBackFooter.m */ = {isa = PBXFileReference; fileEncoding = 4; lastKnownFileType = sourcecode.c.objc; path = MJRefreshBackFooter.m; sourceTree = "<group>"; };
		30DF18C51DC343C5009D7C53 /* MJRefreshComponent.h */ = {isa = PBXFileReference; fileEncoding = 4; lastKnownFileType = sourcecode.c.h; path = MJRefreshComponent.h; sourceTree = "<group>"; };
		30DF18C61DC343C5009D7C53 /* MJRefreshComponent.m */ = {isa = PBXFileReference; fileEncoding = 4; lastKnownFileType = sourcecode.c.objc; path = MJRefreshComponent.m; sourceTree = "<group>"; };
		30DF18C71DC343C5009D7C53 /* MJRefreshFooter.h */ = {isa = PBXFileReference; fileEncoding = 4; lastKnownFileType = sourcecode.c.h; path = MJRefreshFooter.h; sourceTree = "<group>"; };
		30DF18C81DC343C5009D7C53 /* MJRefreshFooter.m */ = {isa = PBXFileReference; fileEncoding = 4; lastKnownFileType = sourcecode.c.objc; path = MJRefreshFooter.m; sourceTree = "<group>"; };
		30DF18C91DC343C5009D7C53 /* MJRefreshHeader.h */ = {isa = PBXFileReference; fileEncoding = 4; lastKnownFileType = sourcecode.c.h; path = MJRefreshHeader.h; sourceTree = "<group>"; };
		30DF18CA1DC343C5009D7C53 /* MJRefreshHeader.m */ = {isa = PBXFileReference; fileEncoding = 4; lastKnownFileType = sourcecode.c.objc; path = MJRefreshHeader.m; sourceTree = "<group>"; };
		30DF18CC1DC343C5009D7C53 /* MJRefreshAutoGifFooter.h */ = {isa = PBXFileReference; fileEncoding = 4; lastKnownFileType = sourcecode.c.h; path = MJRefreshAutoGifFooter.h; sourceTree = "<group>"; };
		30DF18CD1DC343C5009D7C53 /* MJRefreshAutoGifFooter.m */ = {isa = PBXFileReference; fileEncoding = 4; lastKnownFileType = sourcecode.c.objc; path = MJRefreshAutoGifFooter.m; sourceTree = "<group>"; };
		30DF18CE1DC343C5009D7C53 /* MJRefreshAutoNormalFooter.h */ = {isa = PBXFileReference; fileEncoding = 4; lastKnownFileType = sourcecode.c.h; path = MJRefreshAutoNormalFooter.h; sourceTree = "<group>"; };
		30DF18CF1DC343C5009D7C53 /* MJRefreshAutoNormalFooter.m */ = {isa = PBXFileReference; fileEncoding = 4; lastKnownFileType = sourcecode.c.objc; path = MJRefreshAutoNormalFooter.m; sourceTree = "<group>"; };
		30DF18D01DC343C5009D7C53 /* MJRefreshAutoStateFooter.h */ = {isa = PBXFileReference; fileEncoding = 4; lastKnownFileType = sourcecode.c.h; path = MJRefreshAutoStateFooter.h; sourceTree = "<group>"; };
		30DF18D11DC343C5009D7C53 /* MJRefreshAutoStateFooter.m */ = {isa = PBXFileReference; fileEncoding = 4; lastKnownFileType = sourcecode.c.objc; path = MJRefreshAutoStateFooter.m; sourceTree = "<group>"; };
		30DF18D31DC343C5009D7C53 /* MJRefreshBackGifFooter.h */ = {isa = PBXFileReference; fileEncoding = 4; lastKnownFileType = sourcecode.c.h; path = MJRefreshBackGifFooter.h; sourceTree = "<group>"; };
		30DF18D41DC343C5009D7C53 /* MJRefreshBackGifFooter.m */ = {isa = PBXFileReference; fileEncoding = 4; lastKnownFileType = sourcecode.c.objc; path = MJRefreshBackGifFooter.m; sourceTree = "<group>"; };
		30DF18D51DC343C5009D7C53 /* MJRefreshBackNormalFooter.h */ = {isa = PBXFileReference; fileEncoding = 4; lastKnownFileType = sourcecode.c.h; path = MJRefreshBackNormalFooter.h; sourceTree = "<group>"; };
		30DF18D61DC343C5009D7C53 /* MJRefreshBackNormalFooter.m */ = {isa = PBXFileReference; fileEncoding = 4; lastKnownFileType = sourcecode.c.objc; path = MJRefreshBackNormalFooter.m; sourceTree = "<group>"; };
		30DF18D71DC343C5009D7C53 /* MJRefreshBackStateFooter.h */ = {isa = PBXFileReference; fileEncoding = 4; lastKnownFileType = sourcecode.c.h; path = MJRefreshBackStateFooter.h; sourceTree = "<group>"; };
		30DF18D81DC343C5009D7C53 /* MJRefreshBackStateFooter.m */ = {isa = PBXFileReference; fileEncoding = 4; lastKnownFileType = sourcecode.c.objc; path = MJRefreshBackStateFooter.m; sourceTree = "<group>"; };
		30DF18DB1DC343C5009D7C53 /* MJRefreshGifHeader.h */ = {isa = PBXFileReference; fileEncoding = 4; lastKnownFileType = sourcecode.c.h; path = MJRefreshGifHeader.h; sourceTree = "<group>"; };
		30DF18DC1DC343C5009D7C53 /* MJRefreshGifHeader.m */ = {isa = PBXFileReference; fileEncoding = 4; lastKnownFileType = sourcecode.c.objc; path = MJRefreshGifHeader.m; sourceTree = "<group>"; };
		30DF18DD1DC343C5009D7C53 /* MJRefreshNormalHeader.h */ = {isa = PBXFileReference; fileEncoding = 4; lastKnownFileType = sourcecode.c.h; path = MJRefreshNormalHeader.h; sourceTree = "<group>"; };
		30DF18DE1DC343C5009D7C53 /* MJRefreshNormalHeader.m */ = {isa = PBXFileReference; fileEncoding = 4; lastKnownFileType = sourcecode.c.objc; path = MJRefreshNormalHeader.m; sourceTree = "<group>"; };
		30DF18DF1DC343C5009D7C53 /* MJRefreshStateHeader.h */ = {isa = PBXFileReference; fileEncoding = 4; lastKnownFileType = sourcecode.c.h; path = MJRefreshStateHeader.h; sourceTree = "<group>"; };
		30DF18E01DC343C5009D7C53 /* MJRefreshStateHeader.m */ = {isa = PBXFileReference; fileEncoding = 4; lastKnownFileType = sourcecode.c.objc; path = MJRefreshStateHeader.m; sourceTree = "<group>"; };
		30DF18E31DC343C5009D7C53 /* MJRefresh.bundle */ = {isa = PBXFileReference; lastKnownFileType = "wrapper.plug-in"; path = MJRefresh.bundle; sourceTree = "<group>"; };
		30DF18E41DC343C5009D7C53 /* MJRefresh.h */ = {isa = PBXFileReference; fileEncoding = 4; lastKnownFileType = sourcecode.c.h; path = MJRefresh.h; sourceTree = "<group>"; };
		30DF18E51DC343C5009D7C53 /* MJRefreshConst.h */ = {isa = PBXFileReference; fileEncoding = 4; lastKnownFileType = sourcecode.c.h; path = MJRefreshConst.h; sourceTree = "<group>"; };
		30DF18E61DC343C5009D7C53 /* MJRefreshConst.m */ = {isa = PBXFileReference; fileEncoding = 4; lastKnownFileType = sourcecode.c.objc; path = MJRefreshConst.m; sourceTree = "<group>"; };
		30DF18E71DC343C5009D7C53 /* UIScrollView+MJExtension.h */ = {isa = PBXFileReference; fileEncoding = 4; lastKnownFileType = sourcecode.c.h; path = "UIScrollView+MJExtension.h"; sourceTree = "<group>"; };
		30DF18E81DC343C5009D7C53 /* UIScrollView+MJExtension.m */ = {isa = PBXFileReference; fileEncoding = 4; lastKnownFileType = sourcecode.c.objc; path = "UIScrollView+MJExtension.m"; sourceTree = "<group>"; };
		30DF18E91DC343C5009D7C53 /* UIScrollView+MJRefresh.h */ = {isa = PBXFileReference; fileEncoding = 4; lastKnownFileType = sourcecode.c.h; path = "UIScrollView+MJRefresh.h"; sourceTree = "<group>"; };
		30DF18EA1DC343C5009D7C53 /* UIScrollView+MJRefresh.m */ = {isa = PBXFileReference; fileEncoding = 4; lastKnownFileType = sourcecode.c.objc; path = "UIScrollView+MJRefresh.m"; sourceTree = "<group>"; };
		30DF18EB1DC343C5009D7C53 /* UIView+MJExtension.h */ = {isa = PBXFileReference; fileEncoding = 4; lastKnownFileType = sourcecode.c.h; path = "UIView+MJExtension.h"; sourceTree = "<group>"; };
		30DF18EC1DC343C5009D7C53 /* UIView+MJExtension.m */ = {isa = PBXFileReference; fileEncoding = 4; lastKnownFileType = sourcecode.c.objc; path = "UIView+MJExtension.m"; sourceTree = "<group>"; };
		30DF18EE1DC343C5009D7C53 /* MKAnnotationView+WebCache.h */ = {isa = PBXFileReference; fileEncoding = 4; lastKnownFileType = sourcecode.c.h; path = "MKAnnotationView+WebCache.h"; sourceTree = "<group>"; };
		30DF18EF1DC343C5009D7C53 /* MKAnnotationView+WebCache.m */ = {isa = PBXFileReference; fileEncoding = 4; lastKnownFileType = sourcecode.c.objc; path = "MKAnnotationView+WebCache.m"; sourceTree = "<group>"; };
		30DF18F01DC343C5009D7C53 /* NSData+ImageContentType.h */ = {isa = PBXFileReference; fileEncoding = 4; lastKnownFileType = sourcecode.c.h; path = "NSData+ImageContentType.h"; sourceTree = "<group>"; };
		30DF18F11DC343C5009D7C53 /* NSData+ImageContentType.m */ = {isa = PBXFileReference; fileEncoding = 4; lastKnownFileType = sourcecode.c.objc; path = "NSData+ImageContentType.m"; sourceTree = "<group>"; };
		30DF18F21DC343C5009D7C53 /* SDImageCache.h */ = {isa = PBXFileReference; fileEncoding = 4; lastKnownFileType = sourcecode.c.h; path = SDImageCache.h; sourceTree = "<group>"; };
		30DF18F31DC343C5009D7C53 /* SDImageCache.m */ = {isa = PBXFileReference; fileEncoding = 4; lastKnownFileType = sourcecode.c.objc; path = SDImageCache.m; sourceTree = "<group>"; };
		30DF18F41DC343C5009D7C53 /* SDWebImageCompat.h */ = {isa = PBXFileReference; fileEncoding = 4; lastKnownFileType = sourcecode.c.h; path = SDWebImageCompat.h; sourceTree = "<group>"; };
		30DF18F51DC343C5009D7C53 /* SDWebImageCompat.m */ = {isa = PBXFileReference; fileEncoding = 4; lastKnownFileType = sourcecode.c.objc; path = SDWebImageCompat.m; sourceTree = "<group>"; };
		30DF18F61DC343C5009D7C53 /* SDWebImageDecoder.h */ = {isa = PBXFileReference; fileEncoding = 4; lastKnownFileType = sourcecode.c.h; path = SDWebImageDecoder.h; sourceTree = "<group>"; };
		30DF18F71DC343C5009D7C53 /* SDWebImageDecoder.m */ = {isa = PBXFileReference; fileEncoding = 4; lastKnownFileType = sourcecode.c.objc; path = SDWebImageDecoder.m; sourceTree = "<group>"; };
		30DF18F81DC343C5009D7C53 /* SDWebImageDownloader.h */ = {isa = PBXFileReference; fileEncoding = 4; lastKnownFileType = sourcecode.c.h; path = SDWebImageDownloader.h; sourceTree = "<group>"; };
		30DF18F91DC343C5009D7C53 /* SDWebImageDownloader.m */ = {isa = PBXFileReference; fileEncoding = 4; lastKnownFileType = sourcecode.c.objc; path = SDWebImageDownloader.m; sourceTree = "<group>"; };
		30DF18FA1DC343C5009D7C53 /* SDWebImageDownloaderOperation.h */ = {isa = PBXFileReference; fileEncoding = 4; lastKnownFileType = sourcecode.c.h; path = SDWebImageDownloaderOperation.h; sourceTree = "<group>"; };
		30DF18FB1DC343C5009D7C53 /* SDWebImageDownloaderOperation.m */ = {isa = PBXFileReference; fileEncoding = 4; lastKnownFileType = sourcecode.c.objc; path = SDWebImageDownloaderOperation.m; sourceTree = "<group>"; };
		30DF18FC1DC343C5009D7C53 /* SDWebImageManager.h */ = {isa = PBXFileReference; fileEncoding = 4; lastKnownFileType = sourcecode.c.h; path = SDWebImageManager.h; sourceTree = "<group>"; };
		30DF18FD1DC343C5009D7C53 /* SDWebImageManager.m */ = {isa = PBXFileReference; fileEncoding = 4; lastKnownFileType = sourcecode.c.objc; path = SDWebImageManager.m; sourceTree = "<group>"; };
		30DF18FE1DC343C5009D7C53 /* SDWebImageOperation.h */ = {isa = PBXFileReference; fileEncoding = 4; lastKnownFileType = sourcecode.c.h; path = SDWebImageOperation.h; sourceTree = "<group>"; };
		30DF18FF1DC343C5009D7C53 /* SDWebImagePrefetcher.h */ = {isa = PBXFileReference; fileEncoding = 4; lastKnownFileType = sourcecode.c.h; path = SDWebImagePrefetcher.h; sourceTree = "<group>"; };
		30DF19001DC343C5009D7C53 /* SDWebImagePrefetcher.m */ = {isa = PBXFileReference; fileEncoding = 4; lastKnownFileType = sourcecode.c.objc; path = SDWebImagePrefetcher.m; sourceTree = "<group>"; };
		30DF19011DC343C5009D7C53 /* UIButton+WebCache.h */ = {isa = PBXFileReference; fileEncoding = 4; lastKnownFileType = sourcecode.c.h; path = "UIButton+WebCache.h"; sourceTree = "<group>"; };
		30DF19021DC343C5009D7C53 /* UIButton+WebCache.m */ = {isa = PBXFileReference; fileEncoding = 4; lastKnownFileType = sourcecode.c.objc; path = "UIButton+WebCache.m"; sourceTree = "<group>"; };
		30DF19031DC343C5009D7C53 /* UIImage+GIF.h */ = {isa = PBXFileReference; fileEncoding = 4; lastKnownFileType = sourcecode.c.h; path = "UIImage+GIF.h"; sourceTree = "<group>"; };
		30DF19041DC343C5009D7C53 /* UIImage+GIF.m */ = {isa = PBXFileReference; fileEncoding = 4; lastKnownFileType = sourcecode.c.objc; path = "UIImage+GIF.m"; sourceTree = "<group>"; };
		30DF19051DC343C5009D7C53 /* UIImage+MultiFormat.h */ = {isa = PBXFileReference; fileEncoding = 4; lastKnownFileType = sourcecode.c.h; path = "UIImage+MultiFormat.h"; sourceTree = "<group>"; };
		30DF19061DC343C5009D7C53 /* UIImage+MultiFormat.m */ = {isa = PBXFileReference; fileEncoding = 4; lastKnownFileType = sourcecode.c.objc; path = "UIImage+MultiFormat.m"; sourceTree = "<group>"; };
		30DF19071DC343C5009D7C53 /* UIImage+WebP.h */ = {isa = PBXFileReference; fileEncoding = 4; lastKnownFileType = sourcecode.c.h; path = "UIImage+WebP.h"; sourceTree = "<group>"; };
		30DF19081DC343C5009D7C53 /* UIImage+WebP.m */ = {isa = PBXFileReference; fileEncoding = 4; lastKnownFileType = sourcecode.c.objc; path = "UIImage+WebP.m"; sourceTree = "<group>"; };
		30DF19091DC343C5009D7C53 /* UIImageView+HighlightedWebCache.h */ = {isa = PBXFileReference; fileEncoding = 4; lastKnownFileType = sourcecode.c.h; path = "UIImageView+HighlightedWebCache.h"; sourceTree = "<group>"; };
		30DF190A1DC343C5009D7C53 /* UIImageView+HighlightedWebCache.m */ = {isa = PBXFileReference; fileEncoding = 4; lastKnownFileType = sourcecode.c.objc; path = "UIImageView+HighlightedWebCache.m"; sourceTree = "<group>"; };
		30DF190B1DC343C5009D7C53 /* UIImageView+WebCache.h */ = {isa = PBXFileReference; fileEncoding = 4; lastKnownFileType = sourcecode.c.h; path = "UIImageView+WebCache.h"; sourceTree = "<group>"; };
		30DF190C1DC343C5009D7C53 /* UIImageView+WebCache.m */ = {isa = PBXFileReference; fileEncoding = 4; lastKnownFileType = sourcecode.c.objc; path = "UIImageView+WebCache.m"; sourceTree = "<group>"; };
		30DF190D1DC343C5009D7C53 /* UIView+WebCacheOperation.h */ = {isa = PBXFileReference; fileEncoding = 4; lastKnownFileType = sourcecode.c.h; path = "UIView+WebCacheOperation.h"; sourceTree = "<group>"; };
		30DF190E1DC343C5009D7C53 /* UIView+WebCacheOperation.m */ = {isa = PBXFileReference; fileEncoding = 4; lastKnownFileType = sourcecode.c.objc; path = "UIView+WebCacheOperation.m"; sourceTree = "<group>"; };
		30DF193F1DC343E4009D7C53 /* Shop.h */ = {isa = PBXFileReference; fileEncoding = 4; lastKnownFileType = sourcecode.c.h; name = Shop.h; path = "../02-瀑布流-完善接口/01-瀑布流/Lib/Shop.h"; sourceTree = "<group>"; };
		30DF19401DC343E4009D7C53 /* Shop.m */ = {isa = PBXFileReference; fileEncoding = 4; lastKnownFileType = sourcecode.c.objc; name = Shop.m; path = "../02-瀑布流-完善接口/01-瀑布流/Lib/Shop.m"; sourceTree = "<group>"; };
		30DF19421DC34451009D7C53 /* ZJShopCollectionViewCell.h */ = {isa = PBXFileReference; fileEncoding = 4; lastKnownFileType = sourcecode.c.h; path = ZJShopCollectionViewCell.h; sourceTree = "<group>"; };
		30DF19431DC34451009D7C53 /* ZJShopCollectionViewCell.m */ = {isa = PBXFileReference; fileEncoding = 4; lastKnownFileType = sourcecode.c.objc; path = ZJShopCollectionViewCell.m; sourceTree = "<group>"; };
		30DF19441DC34451009D7C53 /* ZJShopCollectionViewCell.xib */ = {isa = PBXFileReference; fileEncoding = 4; lastKnownFileType = file.xib; path = ZJShopCollectionViewCell.xib; sourceTree = "<group>"; };
		30DF19471DC344FA009D7C53 /* 1.plist */ = {isa = PBXFileReference; fileEncoding = 4; lastKnownFileType = text.plist.xml; path = 1.plist; sourceTree = "<group>"; };
/* End PBXFileReference section */

/* Begin PBXFrameworksBuildPhase section */
		306967101DBA1A7100882C86 /* Frameworks */ = {
			isa = PBXFrameworksBuildPhase;
			buildActionMask = 2147483647;
			files = (
			);
			runOnlyForDeploymentPostprocessing = 0;
		};
/* End PBXFrameworksBuildPhase section */

/* Begin PBXGroup section */
		3069670A1DBA1A7100882C86 = {
			isa = PBXGroup;
			children = (
				306967151DBA1A7200882C86 /* 瀑布流的实现 */,
				306967141DBA1A7100882C86 /* Products */,
			);
			sourceTree = "<group>";
		};
		306967141DBA1A7100882C86 /* Products */ = {
			isa = PBXGroup;
			children = (
				306967131DBA1A7100882C86 /* 瀑布流的实现.app */,
			);
			name = Products;
			sourceTree = "<group>";
		};
		306967151DBA1A7200882C86 /* 瀑布流的实现 */ = {
			isa = PBXGroup;
			children = (
				30DF19101DC343C5009D7C53 /* Lib */,
				306967191DBA1A7200882C86 /* AppDelegate.h */,
				3069671A1DBA1A7200882C86 /* AppDelegate.m */,
				3069671C1DBA1A7200882C86 /* ViewController.h */,
				3069671D1DBA1A7200882C86 /* ViewController.m */,
				3069672D1DBA462900882C86 /* ZJWaterflowLayout.h */,
				3069672E1DBA462900882C86 /* ZJWaterflowLayout.m */,
				30DF193F1DC343E4009D7C53 /* Shop.h */,
				30DF19401DC343E4009D7C53 /* Shop.m */,
				30DF19421DC34451009D7C53 /* ZJShopCollectionViewCell.h */,
				30DF19431DC34451009D7C53 /* ZJShopCollectionViewCell.m */,
				30DF19441DC34451009D7C53 /* ZJShopCollectionViewCell.xib */,
				3069671F1DBA1A7200882C86 /* Main.storyboard */,
				306967221DBA1A7200882C86 /* Assets.xcassets */,
				306967241DBA1A7200882C86 /* LaunchScreen.storyboard */,
				306967271DBA1A7200882C86 /* Info.plist */,
				30DF19471DC344FA009D7C53 /* 1.plist */,
				306967161DBA1A7200882C86 /* Supporting Files */,
			);
			path = "瀑布流的实现";
			sourceTree = "<group>";
		};
		306967161DBA1A7200882C86 /* Supporting Files */ = {
			isa = PBXGroup;
			children = (
				306967171DBA1A7200882C86 /* main.m */,
			);
			name = "Supporting Files";
			sourceTree = "<group>";
		};
		30DF18C01DC343C5009D7C53 /* MJExtension */ = {
			isa = PBXGroup;
			children = (
				30DF18A91DC343C5009D7C53 /* MJArgument.h */,
				30DF18AA1DC343C5009D7C53 /* MJArgument.m */,
				30DF18AB1DC343C5009D7C53 /* MJConst.h */,
				30DF18AC1DC343C5009D7C53 /* MJConst.m */,
				30DF18AD1DC343C5009D7C53 /* MJExtension.h */,
				30DF18AE1DC343C5009D7C53 /* MJFoundation.h */,
				30DF18AF1DC343C5009D7C53 /* MJFoundation.m */,
				30DF18B01DC343C5009D7C53 /* MJIvar.h */,
				30DF18B11DC343C5009D7C53 /* MJIvar.m */,
				30DF18B21DC343C5009D7C53 /* MJMember.h */,
				30DF18B31DC343C5009D7C53 /* MJMember.m */,
				30DF18B41DC343C5009D7C53 /* MJMethod.h */,
				30DF18B51DC343C5009D7C53 /* MJMethod.m */,
				30DF18B61DC343C5009D7C53 /* MJType.h */,
				30DF18B71DC343C5009D7C53 /* MJType.m */,
				30DF18B81DC343C5009D7C53 /* MJTypeEncoding.h */,
				30DF18B91DC343C5009D7C53 /* MJTypeEncoding.m */,
				30DF18BA1DC343C5009D7C53 /* NSObject+MJCoding.h */,
				30DF18BB1DC343C5009D7C53 /* NSObject+MJCoding.m */,
				30DF18BC1DC343C5009D7C53 /* NSObject+MJKeyValue.h */,
				30DF18BD1DC343C5009D7C53 /* NSObject+MJKeyValue.m */,
				30DF18BE1DC343C5009D7C53 /* NSObject+MJMember.h */,
				30DF18BF1DC343C5009D7C53 /* NSObject+MJMember.m */,
			);
			path = MJExtension;
			sourceTree = "<group>";
		};
		30DF18CB1DC343C5009D7C53 /* Base */ = {
			isa = PBXGroup;
			children = (
				30DF18C11DC343C5009D7C53 /* MJRefreshAutoFooter.h */,
				30DF18C21DC343C5009D7C53 /* MJRefreshAutoFooter.m */,
				30DF18C31DC343C5009D7C53 /* MJRefreshBackFooter.h */,
				30DF18C41DC343C5009D7C53 /* MJRefreshBackFooter.m */,
				30DF18C51DC343C5009D7C53 /* MJRefreshComponent.h */,
				30DF18C61DC343C5009D7C53 /* MJRefreshComponent.m */,
				30DF18C71DC343C5009D7C53 /* MJRefreshFooter.h */,
				30DF18C81DC343C5009D7C53 /* MJRefreshFooter.m */,
				30DF18C91DC343C5009D7C53 /* MJRefreshHeader.h */,
				30DF18CA1DC343C5009D7C53 /* MJRefreshHeader.m */,
			);
			path = Base;
			sourceTree = "<group>";
		};
		30DF18D21DC343C5009D7C53 /* Auto */ = {
			isa = PBXGroup;
			children = (
				30DF18CC1DC343C5009D7C53 /* MJRefreshAutoGifFooter.h */,
				30DF18CD1DC343C5009D7C53 /* MJRefreshAutoGifFooter.m */,
				30DF18CE1DC343C5009D7C53 /* MJRefreshAutoNormalFooter.h */,
				30DF18CF1DC343C5009D7C53 /* MJRefreshAutoNormalFooter.m */,
				30DF18D01DC343C5009D7C53 /* MJRefreshAutoStateFooter.h */,
				30DF18D11DC343C5009D7C53 /* MJRefreshAutoStateFooter.m */,
			);
			path = Auto;
			sourceTree = "<group>";
		};
		30DF18D91DC343C5009D7C53 /* Back */ = {
			isa = PBXGroup;
			children = (
				30DF18D31DC343C5009D7C53 /* MJRefreshBackGifFooter.h */,
				30DF18D41DC343C5009D7C53 /* MJRefreshBackGifFooter.m */,
				30DF18D51DC343C5009D7C53 /* MJRefreshBackNormalFooter.h */,
				30DF18D61DC343C5009D7C53 /* MJRefreshBackNormalFooter.m */,
				30DF18D71DC343C5009D7C53 /* MJRefreshBackStateFooter.h */,
				30DF18D81DC343C5009D7C53 /* MJRefreshBackStateFooter.m */,
			);
			path = Back;
			sourceTree = "<group>";
		};
		30DF18DA1DC343C5009D7C53 /* Footer */ = {
			isa = PBXGroup;
			children = (
				30DF18D21DC343C5009D7C53 /* Auto */,
				30DF18D91DC343C5009D7C53 /* Back */,
			);
			path = Footer;
			sourceTree = "<group>";
		};
		30DF18E11DC343C5009D7C53 /* Header */ = {
			isa = PBXGroup;
			children = (
				30DF18DB1DC343C5009D7C53 /* MJRefreshGifHeader.h */,
				30DF18DC1DC343C5009D7C53 /* MJRefreshGifHeader.m */,
				30DF18DD1DC343C5009D7C53 /* MJRefreshNormalHeader.h */,
				30DF18DE1DC343C5009D7C53 /* MJRefreshNormalHeader.m */,
				30DF18DF1DC343C5009D7C53 /* MJRefreshStateHeader.h */,
				30DF18E01DC343C5009D7C53 /* MJRefreshStateHeader.m */,
			);
			path = Header;
			sourceTree = "<group>";
		};
		30DF18E21DC343C5009D7C53 /* Custom */ = {
			isa = PBXGroup;
			children = (
				30DF18DA1DC343C5009D7C53 /* Footer */,
				30DF18E11DC343C5009D7C53 /* Header */,
			);
			path = Custom;
			sourceTree = "<group>";
		};
		30DF18ED1DC343C5009D7C53 /* MJRefresh */ = {
			isa = PBXGroup;
			children = (
				30DF18CB1DC343C5009D7C53 /* Base */,
				30DF18E21DC343C5009D7C53 /* Custom */,
				30DF18E31DC343C5009D7C53 /* MJRefresh.bundle */,
				30DF18E41DC343C5009D7C53 /* MJRefresh.h */,
				30DF18E51DC343C5009D7C53 /* MJRefreshConst.h */,
				30DF18E61DC343C5009D7C53 /* MJRefreshConst.m */,
				30DF18E71DC343C5009D7C53 /* UIScrollView+MJExtension.h */,
				30DF18E81DC343C5009D7C53 /* UIScrollView+MJExtension.m */,
				30DF18E91DC343C5009D7C53 /* UIScrollView+MJRefresh.h */,
				30DF18EA1DC343C5009D7C53 /* UIScrollView+MJRefresh.m */,
				30DF18EB1DC343C5009D7C53 /* UIView+MJExtension.h */,
				30DF18EC1DC343C5009D7C53 /* UIView+MJExtension.m */,
			);
			path = MJRefresh;
			sourceTree = "<group>";
		};
		30DF190F1DC343C5009D7C53 /* SDWebImage */ = {
			isa = PBXGroup;
			children = (
				30DF18EE1DC343C5009D7C53 /* MKAnnotationView+WebCache.h */,
				30DF18EF1DC343C5009D7C53 /* MKAnnotationView+WebCache.m */,
				30DF18F01DC343C5009D7C53 /* NSData+ImageContentType.h */,
				30DF18F11DC343C5009D7C53 /* NSData+ImageContentType.m */,
				30DF18F21DC343C5009D7C53 /* SDImageCache.h */,
				30DF18F31DC343C5009D7C53 /* SDImageCache.m */,
				30DF18F41DC343C5009D7C53 /* SDWebImageCompat.h */,
				30DF18F51DC343C5009D7C53 /* SDWebImageCompat.m */,
				30DF18F61DC343C5009D7C53 /* SDWebImageDecoder.h */,
				30DF18F71DC343C5009D7C53 /* SDWebImageDecoder.m */,
				30DF18F81DC343C5009D7C53 /* SDWebImageDownloader.h */,
				30DF18F91DC343C5009D7C53 /* SDWebImageDownloader.m */,
				30DF18FA1DC343C5009D7C53 /* SDWebImageDownloaderOperation.h */,
				30DF18FB1DC343C5009D7C53 /* SDWebImageDownloaderOperation.m */,
				30DF18FC1DC343C5009D7C53 /* SDWebImageManager.h */,
				30DF18FD1DC343C5009D7C53 /* SDWebImageManager.m */,
				30DF18FE1DC343C5009D7C53 /* SDWebImageOperation.h */,
				30DF18FF1DC343C5009D7C53 /* SDWebImagePrefetcher.h */,
				30DF19001DC343C5009D7C53 /* SDWebImagePrefetcher.m */,
				30DF19011DC343C5009D7C53 /* UIButton+WebCache.h */,
				30DF19021DC343C5009D7C53 /* UIButton+WebCache.m */,
				30DF19031DC343C5009D7C53 /* UIImage+GIF.h */,
				30DF19041DC343C5009D7C53 /* UIImage+GIF.m */,
				30DF19051DC343C5009D7C53 /* UIImage+MultiFormat.h */,
				30DF19061DC343C5009D7C53 /* UIImage+MultiFormat.m */,
				30DF19071DC343C5009D7C53 /* UIImage+WebP.h */,
				30DF19081DC343C5009D7C53 /* UIImage+WebP.m */,
				30DF19091DC343C5009D7C53 /* UIImageView+HighlightedWebCache.h */,
				30DF190A1DC343C5009D7C53 /* UIImageView+HighlightedWebCache.m */,
				30DF190B1DC343C5009D7C53 /* UIImageView+WebCache.h */,
				30DF190C1DC343C5009D7C53 /* UIImageView+WebCache.m */,
				30DF190D1DC343C5009D7C53 /* UIView+WebCacheOperation.h */,
				30DF190E1DC343C5009D7C53 /* UIView+WebCacheOperation.m */,
			);
			path = SDWebImage;
			sourceTree = "<group>";
		};
		30DF19101DC343C5009D7C53 /* Lib */ = {
			isa = PBXGroup;
			children = (
				30DF18C01DC343C5009D7C53 /* MJExtension */,
				30DF18ED1DC343C5009D7C53 /* MJRefresh */,
				30DF190F1DC343C5009D7C53 /* SDWebImage */,
			);
			name = Lib;
			path = "../02-瀑布流-完善接口/01-瀑布流/Lib";
			sourceTree = "<group>";
		};
/* End PBXGroup section */

/* Begin PBXNativeTarget section */
		306967121DBA1A7100882C86 /* 瀑布流的实现 */ = {
			isa = PBXNativeTarget;
			buildConfigurationList = 3069672A1DBA1A7200882C86 /* Build configuration list for PBXNativeTarget "瀑布流的实现" */;
			buildPhases = (
				3069670F1DBA1A7100882C86 /* Sources */,
				306967101DBA1A7100882C86 /* Frameworks */,
				306967111DBA1A7100882C86 /* Resources */,
			);
			buildRules = (
			);
			dependencies = (
			);
			name = "瀑布流的实现";
			productName = "瀑布流的实现";
			productReference = 306967131DBA1A7100882C86 /* 瀑布流的实现.app */;
			productType = "com.apple.product-type.application";
		};
/* End PBXNativeTarget section */

/* Begin PBXProject section */
		3069670B1DBA1A7100882C86 /* Project object */ = {
			isa = PBXProject;
			attributes = {
				LastUpgradeCheck = 0810;
				ORGANIZATIONNAME = "周君";
				TargetAttributes = {
					306967121DBA1A7100882C86 = {
						CreatedOnToolsVersion = 7.3.1;
					};
				};
			};
			buildConfigurationList = 3069670E1DBA1A7100882C86 /* Build configuration list for PBXProject "瀑布流的实现" */;
			compatibilityVersion = "Xcode 3.2";
			developmentRegion = English;
			hasScannedForEncodings = 0;
			knownRegions = (
				en,
				Base,
			);
			mainGroup = 3069670A1DBA1A7100882C86;
			productRefGroup = 306967141DBA1A7100882C86 /* Products */;
			projectDirPath = "";
			projectRoot = "";
			targets = (
				306967121DBA1A7100882C86 /* 瀑布流的实现 */,
			);
		};
/* End PBXProject section */

/* Begin PBXResourcesBuildPhase section */
		306967111DBA1A7100882C86 /* Resources */ = {
			isa = PBXResourcesBuildPhase;
			buildActionMask = 2147483647;
			files = (
				30DF19481DC344FA009D7C53 /* 1.plist in Resources */,
				306967261DBA1A7200882C86 /* LaunchScreen.storyboard in Resources */,
				306967231DBA1A7200882C86 /* Assets.xcassets in Resources */,
				30DF19461DC34451009D7C53 /* ZJShopCollectionViewCell.xib in Resources */,
				30DF192A1DC343C5009D7C53 /* MJRefresh.bundle in Resources */,
				306967211DBA1A7200882C86 /* Main.storyboard in Resources */,
			);
			runOnlyForDeploymentPostprocessing = 0;
		};
/* End PBXResourcesBuildPhase section */

/* Begin PBXSourcesBuildPhase section */
		3069670F1DBA1A7100882C86 /* Sources */ = {
			isa = PBXSourcesBuildPhase;
			buildActionMask = 2147483647;
			files = (
				3069671E1DBA1A7200882C86 /* ViewController.m in Sources */,
				30DF19211DC343C5009D7C53 /* MJRefreshAutoGifFooter.m in Sources */,
				30DF19291DC343C5009D7C53 /* MJRefreshStateHeader.m in Sources */,
				30DF19361DC343C6009D7C53 /* SDWebImageManager.m in Sources */,
				30DF19261DC343C5009D7C53 /* MJRefreshBackStateFooter.m in Sources */,
				30DF19411DC343E4009D7C53 /* Shop.m in Sources */,
				30DF19131DC343C5009D7C53 /* MJFoundation.m in Sources */,
				30DF19111DC343C5009D7C53 /* MJArgument.m in Sources */,
				30DF193A1DC343C6009D7C53 /* UIImage+MultiFormat.m in Sources */,
				30DF19161DC343C5009D7C53 /* MJMethod.m in Sources */,
				30DF19341DC343C6009D7C53 /* SDWebImageDownloader.m in Sources */,
				3069671B1DBA1A7200882C86 /* AppDelegate.m in Sources */,
				30DF193B1DC343C6009D7C53 /* UIImage+WebP.m in Sources */,
				30DF19171DC343C5009D7C53 /* MJType.m in Sources */,
				30DF19241DC343C5009D7C53 /* MJRefreshBackGifFooter.m in Sources */,
				30DF19231DC343C5009D7C53 /* MJRefreshAutoStateFooter.m in Sources */,
				30DF19281DC343C5009D7C53 /* MJRefreshNormalHeader.m in Sources */,
				30DF193C1DC343C6009D7C53 /* UIImageView+HighlightedWebCache.m in Sources */,
				30DF19331DC343C6009D7C53 /* SDWebImageDecoder.m in Sources */,
				30DF19371DC343C6009D7C53 /* SDWebImagePrefetcher.m in Sources */,
				30DF192D1DC343C5009D7C53 /* UIScrollView+MJRefresh.m in Sources */,
				30DF19151DC343C5009D7C53 /* MJMember.m in Sources */,
				30DF191B1DC343C5009D7C53 /* NSObject+MJMember.m in Sources */,
				30DF192B1DC343C5009D7C53 /* MJRefreshConst.m in Sources */,
				30DF19191DC343C5009D7C53 /* NSObject+MJCoding.m in Sources */,
				30DF19181DC343C5009D7C53 /* MJTypeEncoding.m in Sources */,
				30DF19391DC343C6009D7C53 /* UIImage+GIF.m in Sources */,
				30DF193D1DC343C6009D7C53 /* UIImageView+WebCache.m in Sources */,
				30DF19221DC343C5009D7C53 /* MJRefreshAutoNormalFooter.m in Sources */,
				30DF19311DC343C5009D7C53 /* SDImageCache.m in Sources */,
				30DF19141DC343C5009D7C53 /* MJIvar.m in Sources */,
				30DF191A1DC343C5009D7C53 /* NSObject+MJKeyValue.m in Sources */,
				30DF191D1DC343C5009D7C53 /* MJRefreshBackFooter.m in Sources */,
				30DF19451DC34451009D7C53 /* ZJShopCollectionViewCell.m in Sources */,
				30DF191F1DC343C5009D7C53 /* MJRefreshFooter.m in Sources */,
				30DF19351DC343C6009D7C53 /* SDWebImageDownloaderOperation.m in Sources */,
				306967181DBA1A7200882C86 /* main.m in Sources */,
				30DF19201DC343C5009D7C53 /* MJRefreshHeader.m in Sources */,
				30DF19321DC343C5009D7C53 /* SDWebImageCompat.m in Sources */,
				30DF19301DC343C5009D7C53 /* NSData+ImageContentType.m in Sources */,
				30DF19251DC343C5009D7C53 /* MJRefreshBackNormalFooter.m in Sources */,
				30DF191E1DC343C5009D7C53 /* MJRefreshComponent.m in Sources */,
				30DF19121DC343C5009D7C53 /* MJConst.m in Sources */,
				30DF19381DC343C6009D7C53 /* UIButton+WebCache.m in Sources */,
				30DF19271DC343C5009D7C53 /* MJRefreshGifHeader.m in Sources */,
				30DF191C1DC343C5009D7C53 /* MJRefreshAutoFooter.m in Sources */,
				30DF192C1DC343C5009D7C53 /* UIScrollView+MJExtension.m in Sources */,
				30DF193E1DC343C6009D7C53 /* UIView+WebCacheOperation.m in Sources */,
				30DF192F1DC343C5009D7C53 /* MKAnnotationView+WebCache.m in Sources */,
				30DF192E1DC343C5009D7C53 /* UIView+MJExtension.m in Sources */,
				3069672F1DBA462900882C86 /* ZJWaterflowLayout.m in Sources */,
			);
			runOnlyForDeploymentPostprocessing = 0;
		};
/* End PBXSourcesBuildPhase section */

/* Begin PBXVariantGroup section */
		3069671F1DBA1A7200882C86 /* Main.storyboard */ = {
			isa = PBXVariantGroup;
			children = (
				306967201DBA1A7200882C86 /* Base */,
			);
			name = Main.storyboard;
			sourceTree = "<group>";
		};
		306967241DBA1A7200882C86 /* LaunchScreen.storyboard */ = {
			isa = PBXVariantGroup;
			children = (
				306967251DBA1A7200882C86 /* Base */,
			);
			name = LaunchScreen.storyboard;
			sourceTree = "<group>";
		};
/* End PBXVariantGroup section */

/* Begin XCBuildConfiguration section */
		306967281DBA1A7200882C86 /* Debug */ = {
			isa = XCBuildConfiguration;
			buildSettings = {
				ALWAYS_SEARCH_USER_PATHS = NO;
				CLANG_ANALYZER_NONNULL = YES;
				CLANG_CXX_LANGUAGE_STANDARD = "gnu++0x";
				CLANG_CXX_LIBRARY = "libc++";
				CLANG_ENABLE_MODULES = YES;
				CLANG_ENABLE_OBJC_ARC = YES;
				CLANG_WARN_BOOL_CONVERSION = YES;
				CLANG_WARN_CONSTANT_CONVERSION = YES;
				CLANG_WARN_DIRECT_OBJC_ISA_USAGE = YES_ERROR;
				CLANG_WARN_EMPTY_BODY = YES;
				CLANG_WARN_ENUM_CONVERSION = YES;
				CLANG_WARN_INFINITE_RECURSION = YES;
				CLANG_WARN_INT_CONVERSION = YES;
				CLANG_WARN_OBJC_ROOT_CLASS = YES_ERROR;
				CLANG_WARN_SUSPICIOUS_MOVE = YES;
				CLANG_WARN_UNREACHABLE_CODE = YES;
				CLANG_WARN__DUPLICATE_METHOD_MATCH = YES;
				"CODE_SIGN_IDENTITY[sdk=iphoneos*]" = "iPhone Developer";
				COPY_PHASE_STRIP = NO;
				DEBUG_INFORMATION_FORMAT = dwarf;
				ENABLE_STRICT_OBJC_MSGSEND = YES;
				ENABLE_TESTABILITY = YES;
				GCC_C_LANGUAGE_STANDARD = gnu99;
				GCC_DYNAMIC_NO_PIC = NO;
				GCC_NO_COMMON_BLOCKS = YES;
				GCC_OPTIMIZATION_LEVEL = 0;
				GCC_PREPROCESSOR_DEFINITIONS = (
					"DEBUG=1",
					"$(inherited)",
				);
				GCC_WARN_64_TO_32_BIT_CONVERSION = YES;
				GCC_WARN_ABOUT_RETURN_TYPE = YES_ERROR;
				GCC_WARN_UNDECLARED_SELECTOR = YES;
				GCC_WARN_UNINITIALIZED_AUTOS = YES_AGGRESSIVE;
				GCC_WARN_UNUSED_FUNCTION = YES;
				GCC_WARN_UNUSED_VARIABLE = YES;
				IPHONEOS_DEPLOYMENT_TARGET = 9.3;
				MTL_ENABLE_DEBUG_INFO = YES;
				ONLY_ACTIVE_ARCH = YES;
				SDKROOT = iphoneos;
			};
			name = Debug;
		};
		306967291DBA1A7200882C86 /* Release */ = {
			isa = XCBuildConfiguration;
			buildSettings = {
				ALWAYS_SEARCH_USER_PATHS = NO;
				CLANG_ANALYZER_NONNULL = YES;
				CLANG_CXX_LANGUAGE_STANDARD = "gnu++0x";
				CLANG_CXX_LIBRARY = "libc++";
				CLANG_ENABLE_MODULES = YES;
				CLANG_ENABLE_OBJC_ARC = YES;
				CLANG_WARN_BOOL_CONVERSION = YES;
				CLANG_WARN_CONSTANT_CONVERSION = YES;
				CLANG_WARN_DIRECT_OBJC_ISA_USAGE = YES_ERROR;
				CLANG_WARN_EMPTY_BODY = YES;
				CLANG_WARN_ENUM_CONVERSION = YES;
				CLANG_WARN_INFINITE_RECURSION = YES;
				CLANG_WARN_INT_CONVERSION = YES;
				CLANG_WARN_OBJC_ROOT_CLASS = YES_ERROR;
				CLANG_WARN_SUSPICIOUS_MOVE = YES;
				CLANG_WARN_UNREACHABLE_CODE = YES;
				CLANG_WARN__DUPLICATE_METHOD_MATCH = YES;
				"CODE_SIGN_IDENTITY[sdk=iphoneos*]" = "iPhone Developer";
				COPY_PHASE_STRIP = NO;
				DEBUG_INFORMATION_FORMAT = "dwarf-with-dsym";
				ENABLE_NS_ASSERTIONS = NO;
				ENABLE_STRICT_OBJC_MSGSEND = YES;
				GCC_C_LANGUAGE_STANDARD = gnu99;
				GCC_NO_COMMON_BLOCKS = YES;
				GCC_WARN_64_TO_32_BIT_CONVERSION = YES;
				GCC_WARN_ABOUT_RETURN_TYPE = YES_ERROR;
				GCC_WARN_UNDECLARED_SELECTOR = YES;
				GCC_WARN_UNINITIALIZED_AUTOS = YES_AGGRESSIVE;
				GCC_WARN_UNUSED_FUNCTION = YES;
				GCC_WARN_UNUSED_VARIABLE = YES;
				IPHONEOS_DEPLOYMENT_TARGET = 9.3;
				MTL_ENABLE_DEBUG_INFO = NO;
				SDKROOT = iphoneos;
				VALIDATE_PRODUCT = YES;
			};
			name = Release;
		};
		3069672B1DBA1A7200882C86 /* Debug */ = {
			isa = XCBuildConfiguration;
			buildSettings = {
				ASSETCATALOG_COMPILER_APPICON_NAME = AppIcon;
				INFOPLIST_FILE = "瀑布流的实现/Info.plist";
				LD_RUNPATH_SEARCH_PATHS = "$(inherited) @executable_path/Frameworks";
				PRODUCT_BUNDLE_IDENTIFIER = "com.zhoujun.------";
				PRODUCT_NAME = "$(TARGET_NAME)";
			};
			name = Debug;
		};
		3069672C1DBA1A7200882C86 /* Release */ = {
			isa = XCBuildConfiguration;
			buildSettings = {
				ASSETCATALOG_COMPILER_APPICON_NAME = AppIcon;
				INFOPLIST_FILE = "瀑布流的实现/Info.plist";
				LD_RUNPATH_SEARCH_PATHS = "$(inherited) @executable_path/Frameworks";
				PRODUCT_BUNDLE_IDENTIFIER = "com.zhoujun.------";
				PRODUCT_NAME = "$(TARGET_NAME)";
			};
			name = Release;
		};
/* End XCBuildConfiguration section */

/* Begin XCConfigurationList section */
		3069670E1DBA1A7100882C86 /* Build configuration list for PBXProject "瀑布流的实现" */ = {
			isa = XCConfigurationList;
			buildConfigurations = (
				306967281DBA1A7200882C86 /* Debug */,
				306967291DBA1A7200882C86 /* Release */,
			);
			defaultConfigurationIsVisible = 0;
			defaultConfigurationName = Release;
		};
		3069672A1DBA1A7200882C86 /* Build configuration list for PBXNativeTarget "瀑布流的实现" */ = {
			isa = XCConfigurationList;
			buildConfigurations = (
				3069672B1DBA1A7200882C86 /* Debug */,
				3069672C1DBA1A7200882C86 /* Release */,
			);
			defaultConfigurationIsVisible = 0;
			defaultConfigurationName = Release;
		};
/* End XCConfigurationList section */
	};
	rootObject = 3069670B1DBA1A7100882C86 /* Project object */;
}
